
Microsoft Visual Studio Solution File, Format Version 12.00
# Visual Studio Version 17
VisualStudioVersion = 17.4.33110.190
MinimumVisualStudioVersion = 10.0.40219.1
Project("{8BC9CEB8-8B4A-11D0-8D11-00A0C91BC942}") = "LinkedList", "LinkedList\LinkedList.vcxproj", "{F41B0C9A-8635-41D3-8FEB-767B22B93471}"
EndProject
Project("{2150E333-8FDC-42A3-9474-1A3956D46DE8}") = "Tests", "Tests", "{B9187B24-B694-4D01-98F9-C1468389A099}"
EndProject
Project("{8BC9CEB8-8B4A-11D0-8D11-00A0C91BC942}") = "LinkedListTests", "Tests\LinkedListTests\LinkedListTests.vcxproj", "{C6702766-ACEB-4A6B-BCC8-9CD1C9B17B7C}"
EndProject
Project("{8BC9CEB8-8B4A-11D0-8D11-00A0C91BC942}") = "Stack", "Stack\Stack.vcxproj", "{B73435D6-E9F7-4B87-B643-173238A2EE0E}"
EndProject
Project("{8BC9CEB8-8B4A-11D0-8D11-00A0C91BC942}") = "Vector", "Vector\Vector.vcxproj", "{4021E626-9EDE-4A05-A7B4-3DF085B2F756}"
EndProject
Project("{8BC9CEB8-8B4A-11D0-8D11-00A0C91BC942}") = "VectorTests", "Tests\VectorTests\VectorTests.vcxproj", "{E844660A-70B7-47FC-AFDD-516E42E69640}"
EndProject
Project("{8BC9CEB8-8B4A-11D0-8D11-00A0C91BC942}") = "StackTests", "Tests\StackTests\StackTests.vcxproj", "{FA425324-8738-4791-BE90-3307EC22806C}"
EndProject
Project("{8BC9CEB8-8B4A-11D0-8D11-00A0C91BC942}") = "Queue", "Queue\Queue.vcxproj", "{CE888D33-9638-4DEC-9B07-EEE506916B9B}"
EndProject
Project("{8BC9CEB8-8B4A-11D0-8D11-00A0C91BC942}") = "QueueTests", "Tests\QueueTests\QueueTests.vcxproj", "{498DDE25-C9B9-4C54-8EB7-DA1179C5D786}"
EndProject
Global
	GlobalSection(SolutionConfigurationPlatforms) = preSolution
		Debug|x64 = Debug|x64
		Debug|x86 = Debug|x86
		Release|x64 = Release|x64
		Release|x86 = Release|x86
	EndGlobalSection
	GlobalSection(ProjectConfigurationPlatforms) = postSolution
		{F41B0C9A-8635-41D3-8FEB-767B22B93471}.Debug|x64.ActiveCfg = Debug|x64
		{F41B0C9A-8635-41D3-8FEB-767B22B93471}.Debug|x64.Build.0 = Debug|x64
		{F41B0C9A-8635-41D3-8FEB-767B22B93471}.Debug|x86.ActiveCfg = Debug|Win32
		{F41B0C9A-8635-41D3-8FEB-767B22B93471}.Debug|x86.Build.0 = Debug|Win32
		{F41B0C9A-8635-41D3-8FEB-767B22B93471}.Release|x64.ActiveCfg = Release|x64
		{F41B0C9A-8635-41D3-8FEB-767B22B93471}.Release|x64.Build.0 = Release|x64
		{F41B0C9A-8635-41D3-8FEB-767B22B93471}.Release|x86.ActiveCfg = Release|Win32
		{F41B0C9A-8635-41D3-8FEB-767B22B93471}.Release|x86.Build.0 = Release|Win32
		{C6702766-ACEB-4A6B-BCC8-9CD1C9B17B7C}.Debug|x64.ActiveCfg = Debug|x64
		{C6702766-ACEB-4A6B-BCC8-9CD1C9B17B7C}.Debug|x64.Build.0 = Debug|x64
		{C6702766-ACEB-4A6B-BCC8-9CD1C9B17B7C}.Debug|x86.ActiveCfg = Debug|Win32
		{C6702766-ACEB-4A6B-BCC8-9CD1C9B17B7C}.Debug|x86.Build.0 = Debug|Win32
		{C6702766-ACEB-4A6B-BCC8-9CD1C9B17B7C}.Release|x64.ActiveCfg = Release|x64
		{C6702766-ACEB-4A6B-BCC8-9CD1C9B17B7C}.Release|x64.Build.0 = Release|x64
		{C6702766-ACEB-4A6B-BCC8-9CD1C9B17B7C}.Release|x86.ActiveCfg = Release|Win32
		{C6702766-ACEB-4A6B-BCC8-9CD1C9B17B7C}.Release|x86.Build.0 = Release|Win32
		{B73435D6-E9F7-4B87-B643-173238A2EE0E}.Debug|x64.ActiveCfg = Debug|x64
		{B73435D6-E9F7-4B87-B643-173238A2EE0E}.Debug|x64.Build.0 = Debug|x64
		{B73435D6-E9F7-4B87-B643-173238A2EE0E}.Debug|x86.ActiveCfg = Debug|Win32
		{B73435D6-E9F7-4B87-B643-173238A2EE0E}.Debug|x86.Build.0 = Debug|Win32
		{B73435D6-E9F7-4B87-B643-173238A2EE0E}.Release|x64.ActiveCfg = Release|x64
		{B73435D6-E9F7-4B87-B643-173238A2EE0E}.Release|x64.Build.0 = Release|x64
		{B73435D6-E9F7-4B87-B643-173238A2EE0E}.Release|x86.ActiveCfg = Release|Win32
		{B73435D6-E9F7-4B87-B643-173238A2EE0E}.Release|x86.Build.0 = Release|Win32
		{4021E626-9EDE-4A05-A7B4-3DF085B2F756}.Debug|x64.ActiveCfg = Debug|x64
		{4021E626-9EDE-4A05-A7B4-3DF085B2F756}.Debug|x64.Build.0 = Debug|x64
		{4021E626-9EDE-4A05-A7B4-3DF085B2F756}.Debug|x86.ActiveCfg = Debug|Win32
		{4021E626-9EDE-4A05-A7B4-3DF085B2F756}.Debug|x86.Build.0 = Debug|Win32
		{4021E626-9EDE-4A05-A7B4-3DF085B2F756}.Release|x64.ActiveCfg = Release|x64
		{4021E626-9EDE-4A05-A7B4-3DF085B2F756}.Release|x64.Build.0 = Release|x64
		{4021E626-9EDE-4A05-A7B4-3DF085B2F756}.Release|x86.ActiveCfg = Release|Win32
		{4021E626-9EDE-4A05-A7B4-3DF085B2F756}.Release|x86.Build.0 = Release|Win32
		{E844660A-70B7-47FC-AFDD-516E42E69640}.Debug|x64.ActiveCfg = Debug|x64
		{E844660A-70B7-47FC-AFDD-516E42E69640}.Debug|x64.Build.0 = Debug|x64
		{E844660A-70B7-47FC-AFDD-516E42E69640}.Debug|x86.ActiveCfg = Debug|Win32
		{E844660A-70B7-47FC-AFDD-516E42E69640}.Debug|x86.Build.0 = Debug|Win32
		{E844660A-70B7-47FC-AFDD-516E42E69640}.Release|x64.ActiveCfg = Release|x64
		{E844660A-70B7-47FC-AFDD-516E42E69640}.Release|x64.Build.0 = Release|x64
		{E844660A-70B7-47FC-AFDD-516E42E69640}.Release|x86.ActiveCfg = Release|Win32
		{E844660A-70B7-47FC-AFDD-516E42E69640}.Release|x86.Build.0 = Release|Win32
		{FA425324-8738-4791-BE90-3307EC22806C}.Debug|x64.ActiveCfg = Debug|x64
		{FA425324-8738-4791-BE90-3307EC22806C}.Debug|x64.Build.0 = Debug|x64
		{FA425324-8738-4791-BE90-3307EC22806C}.Debug|x86.ActiveCfg = Debug|Win32
		{FA425324-8738-4791-BE90-3307EC22806C}.Debug|x86.Build.0 = Debug|Win32
		{FA425324-8738-4791-BE90-3307EC22806C}.Release|x64.ActiveCfg = Release|x64
		{FA425324-8738-4791-BE90-3307EC22806C}.Release|x64.Build.0 = Release|x64
		{FA425324-8738-4791-BE90-3307EC22806C}.Release|x86.ActiveCfg = Release|Win32
		{FA425324-8738-4791-BE90-3307EC22806C}.Release|x86.Build.0 = Release|Win32
		{CE888D33-9638-4DEC-9B07-EEE506916B9B}.Debug|x64.ActiveCfg = Debug|x64
		{CE888D33-9638-4DEC-9B07-EEE506916B9B}.Debug|x64.Build.0 = Debug|x64
		{CE888D33-9638-4DEC-9B07-EEE506916B9B}.Debug|x86.ActiveCfg = Debug|Win32
		{CE888D33-9638-4DEC-9B07-EEE506916B9B}.Debug|x86.Build.0 = Debug|Win32
		{CE888D33-9638-4DEC-9B07-EEE506916B9B}.Release|x64.ActiveCfg = Release|x64
		{CE888D33-9638-4DEC-9B07-EEE506916B9B}.Release|x64.Build.0 = Release|x64
		{CE888D33-9638-4DEC-9B07-EEE506916B9B}.Release|x86.ActiveCfg = Release|Win32
		{CE888D33-9638-4DEC-9B07-EEE506916B9B}.Release|x86.Build.0 = Release|Win32
		{498DDE25-C9B9-4C54-8EB7-DA1179C5D786}.Debug|x64.ActiveCfg = Debug|x64
		{498DDE25-C9B9-4C54-8EB7-DA1179C5D786}.Debug|x64.Build.0 = Debug|x64
		{498DDE25-C9B9-4C54-8EB7-DA1179C5D786}.Debug|x86.ActiveCfg = Debug|Win32
		{498DDE25-C9B9-4C54-8EB7-DA1179C5D786}.Debug|x86.Build.0 = Debug|Win32
		{498DDE25-C9B9-4C54-8EB7-DA1179C5D786}.Release|x64.ActiveCfg = Release|x64
		{498DDE25-C9B9-4C54-8EB7-DA1179C5D786}.Release|x64.Build.0 = Release|x64
		{498DDE25-C9B9-4C54-8EB7-DA1179C5D786}.Release|x86.ActiveCfg = Release|Win32
		{498DDE25-C9B9-4C54-8EB7-DA1179C5D786}.Release|x86.Build.0 = Release|Win32
	EndGlobalSection
	GlobalSection(SolutionProperties) = preSolution
		HideSolutionNode = FALSE
	EndGlobalSection
	GlobalSection(NestedProjects) = preSolution
		{C6702766-ACEB-4A6B-BCC8-9CD1C9B17B7C} = {B9187B24-B694-4D01-98F9-C1468389A099}
		{E844660A-70B7-47FC-AFDD-516E42E69640} = {B9187B24-B694-4D01-98F9-C1468389A099}
		{FA425324-8738-4791-BE90-3307EC22806C} = {B9187B24-B694-4D01-98F9-C1468389A099}
		{498DDE25-C9B9-4C54-8EB7-DA1179C5D786} = {B9187B24-B694-4D01-98F9-C1468389A099}
	EndGlobalSection
	GlobalSection(ExtensibilityGlobals) = postSolution
		SolutionGuid = {02875521-AC20-4DA8-8A38-8EAA4DE449F0}
	EndGlobalSection
EndGlobal
